
Microsoft Visual Studio Solution File, Format Version 12.00
Project("{FAE04EC0-301F-11D3-BF4B-00C04F79EFBC}") = "Website", "Website\Website.csproj", "{802DF651-B2D2-4776-970A-BA2749CDBBFE}"
EndProject
Global
	GlobalSection(SolutionConfigurationPlatforms) = preSolution
		Debug|Any CPU = Debug|Any CPU
		Release|Any CPU = Release|Any CPU
	EndGlobalSection
	GlobalSection(ProjectConfigurationPlatforms) = postSolution
		{802DF651-B2D2-4776-970A-BA2749CDBBFE}.Debug|Any CPU.ActiveCfg = Debug|Any CPU
		{802DF651-B2D2-4776-970A-BA2749CDBBFE}.Debug|Any CPU.Build.0 = Debug|Any CPU
		{802DF651-B2D2-4776-970A-BA2749CDBBFE}.Release|Any CPU.ActiveCfg = Release|Any CPU
		{802DF651-B2D2-4776-970A-BA2749CDBBFE}.Release|Any CPU.Build.0 = Release|Any CPU
	EndGlobalSection
EndGlobal
